
Microsoft Visual Studio Solution File, Format Version 12.00
# Visual Studio Version 17
VisualStudioVersion = 17.0.31903.59
MinimumVisualStudioVersion = 10.0.40219.1
Project("{FAE04EC0-301F-11D3-BF4B-00C04F79EFBC}") = "Records.API", "Records.API\Records.API.csproj", "{D8F6EA37-A273-4B31-9C26-DDF8018728BF}"
EndProject
Project("{FAE04EC0-301F-11D3-BF4B-00C04F79EFBC}") = "Records.Application", "Records.Application\Records.Application.csproj", "{DF008FC0-AF65-4471-849B-D1ED97881ACE}"
EndProject
Project("{FAE04EC0-301F-11D3-BF4B-00C04F79EFBC}") = "Records.Domain", "Records.Domain\Records.Domain.csproj", "{C73C9E93-DB2E-4096-B912-BB68CE57A123}"
EndProject
Project("{FAE04EC0-301F-11D3-BF4B-00C04F79EFBC}") = "Records.Infrastructure", "Records.Infrastructure\Records.Infrastructure.csproj", "{3BE63CFD-AD16-4FF0-9464-6330C7DD8844}"
EndProject
Project("{FAE04EC0-301F-11D3-BF4B-00C04F79EFBC}") = "Records.Tests", "Records.Tests\Records.Tests.csproj", "{476D2FF8-7806-45E7-AB44-4C456199E8A0}"
EndProject
Global
	GlobalSection(SolutionConfigurationPlatforms) = preSolution
		Debug|Any CPU = Debug|Any CPU
		Release|Any CPU = Release|Any CPU
	EndGlobalSection
	GlobalSection(SolutionProperties) = preSolution
		HideSolutionNode = FALSE
	EndGlobalSection
	GlobalSection(ProjectConfigurationPlatforms) = postSolution
		{D8F6EA37-A273-4B31-9C26-DDF8018728BF}.Debug|Any CPU.ActiveCfg = Debug|Any CPU
		{D8F6EA37-A273-4B31-9C26-DDF8018728BF}.Debug|Any CPU.Build.0 = Debug|Any CPU
		{D8F6EA37-A273-4B31-9C26-DDF8018728BF}.Release|Any CPU.ActiveCfg = Release|Any CPU
		{D8F6EA37-A273-4B31-9C26-DDF8018728BF}.Release|Any CPU.Build.0 = Release|Any CPU
		{DF008FC0-AF65-4471-849B-D1ED97881ACE}.Debug|Any CPU.ActiveCfg = Debug|Any CPU
		{DF008FC0-AF65-4471-849B-D1ED97881ACE}.Debug|Any CPU.Build.0 = Debug|Any CPU
		{DF008FC0-AF65-4471-849B-D1ED97881ACE}.Release|Any CPU.ActiveCfg = Release|Any CPU
		{DF008FC0-AF65-4471-849B-D1ED97881ACE}.Release|Any CPU.Build.0 = Release|Any CPU
		{C73C9E93-DB2E-4096-B912-BB68CE57A123}.Debug|Any CPU.ActiveCfg = Debug|Any CPU
		{C73C9E93-DB2E-4096-B912-BB68CE57A123}.Debug|Any CPU.Build.0 = Debug|Any CPU
		{C73C9E93-DB2E-4096-B912-BB68CE57A123}.Release|Any CPU.ActiveCfg = Release|Any CPU
		{C73C9E93-DB2E-4096-B912-BB68CE57A123}.Release|Any CPU.Build.0 = Release|Any CPU
		{3BE63CFD-AD16-4FF0-9464-6330C7DD8844}.Debug|Any CPU.ActiveCfg = Debug|Any CPU
		{3BE63CFD-AD16-4FF0-9464-6330C7DD8844}.Debug|Any CPU.Build.0 = Debug|Any CPU
		{3BE63CFD-AD16-4FF0-9464-6330C7DD8844}.Release|Any CPU.ActiveCfg = Release|Any CPU
		{3BE63CFD-AD16-4FF0-9464-6330C7DD8844}.Release|Any CPU.Build.0 = Release|Any CPU
		{476D2FF8-7806-45E7-AB44-4C456199E8A0}.Debug|Any CPU.ActiveCfg = Debug|Any CPU
		{476D2FF8-7806-45E7-AB44-4C456199E8A0}.Debug|Any CPU.Build.0 = Debug|Any CPU
		{476D2FF8-7806-45E7-AB44-4C456199E8A0}.Release|Any CPU.ActiveCfg = Release|Any CPU
		{476D2FF8-7806-45E7-AB44-4C456199E8A0}.Release|Any CPU.Build.0 = Release|Any CPU
	EndGlobalSection
EndGlobal
